
Microsoft Visual Studio Solution File, Format Version 12.00
# Visual Studio Version 16
VisualStudioVersion = 16.0.33214.272
MinimumVisualStudioVersion = 10.0.40219.1
Project("{FAE04EC0-301F-11D3-BF4B-00C04F79EFBC}") = "BookLister", "BookLister\BookLister.csproj", "{96D61E78-008C-4C7F-AAB5-DA7C856C3CF9}"
EndProject
Global
	GlobalSection(SolutionConfigurationPlatforms) = preSolution
		Debug|Any CPU = Debug|Any CPU
		Release|Any CPU = Release|Any CPU
	EndGlobalSection
	GlobalSection(ProjectConfigurationPlatforms) = postSolution
		{96D61E78-008C-4C7F-AAB5-DA7C856C3CF9}.Debug|Any CPU.ActiveCfg = Debug|Any CPU
		{96D61E78-008C-4C7F-AAB5-DA7C856C3CF9}.Debug|Any CPU.Build.0 = Debug|Any CPU
		{96D61E78-008C-4C7F-AAB5-DA7C856C3CF9}.Release|Any CPU.ActiveCfg = Release|Any CPU
		{96D61E78-008C-4C7F-AAB5-DA7C856C3CF9}.Release|Any CPU.Build.0 = Release|Any CPU
	EndGlobalSection
	GlobalSection(SolutionProperties) = preSolution
		HideSolutionNode = FALSE
	EndGlobalSection
	GlobalSection(ExtensibilityGlobals) = postSolution
		SolutionGuid = {851C9F70-6421-434D-8C97-7FEB961F4B35}
	EndGlobalSection
EndGlobal
